
Microsoft Visual Studio Solution File, Format Version 12.00
# Visual Studio Version 16
VisualStudioVersion = 16.6.30114.105
MinimumVisualStudioVersion = 10.0.40219.1
Project("{FAE04EC0-301F-11D3-BF4B-00C04F79EFBC}") = "API", "API\API.csproj", "{D0555954-11AB-4865-A8BB-B888672FD1CE}"
EndProject
Project("{FAE04EC0-301F-11D3-BF4B-00C04F79EFBC}") = "Classes", "Classes\Classes.csproj", "{8AF9C169-B7E3-4D07-99E0-6B4305BA3D9D}"
EndProject
Project("{FAE04EC0-301F-11D3-BF4B-00C04F79EFBC}") = "Data", "Data\Data.csproj", "{AAA21F80-4060-4A6B-B5D3-815DA6087736}"
EndProject
Global
	GlobalSection(SolutionConfigurationPlatforms) = preSolution
		Debug|Any CPU = Debug|Any CPU
		Debug|x64 = Debug|x64
		Debug|x86 = Debug|x86
		Release|Any CPU = Release|Any CPU
		Release|x64 = Release|x64
		Release|x86 = Release|x86
	EndGlobalSection
	GlobalSection(SolutionProperties) = preSolution
		HideSolutionNode = FALSE
	EndGlobalSection
	GlobalSection(ProjectConfigurationPlatforms) = postSolution
		{D0555954-11AB-4865-A8BB-B888672FD1CE}.Debug|Any CPU.ActiveCfg = Debug|Any CPU
		{D0555954-11AB-4865-A8BB-B888672FD1CE}.Debug|Any CPU.Build.0 = Debug|Any CPU
		{D0555954-11AB-4865-A8BB-B888672FD1CE}.Debug|x64.ActiveCfg = Debug|Any CPU
		{D0555954-11AB-4865-A8BB-B888672FD1CE}.Debug|x64.Build.0 = Debug|Any CPU
		{D0555954-11AB-4865-A8BB-B888672FD1CE}.Debug|x86.ActiveCfg = Debug|Any CPU
		{D0555954-11AB-4865-A8BB-B888672FD1CE}.Debug|x86.Build.0 = Debug|Any CPU
		{D0555954-11AB-4865-A8BB-B888672FD1CE}.Release|Any CPU.ActiveCfg = Release|Any CPU
		{D0555954-11AB-4865-A8BB-B888672FD1CE}.Release|Any CPU.Build.0 = Release|Any CPU
		{D0555954-11AB-4865-A8BB-B888672FD1CE}.Release|x64.ActiveCfg = Release|Any CPU
		{D0555954-11AB-4865-A8BB-B888672FD1CE}.Release|x64.Build.0 = Release|Any CPU
		{D0555954-11AB-4865-A8BB-B888672FD1CE}.Release|x86.ActiveCfg = Release|Any CPU
		{D0555954-11AB-4865-A8BB-B888672FD1CE}.Release|x86.Build.0 = Release|Any CPU
		{8AF9C169-B7E3-4D07-99E0-6B4305BA3D9D}.Debug|Any CPU.ActiveCfg = Debug|Any CPU
		{8AF9C169-B7E3-4D07-99E0-6B4305BA3D9D}.Debug|Any CPU.Build.0 = Debug|Any CPU
		{8AF9C169-B7E3-4D07-99E0-6B4305BA3D9D}.Debug|x64.ActiveCfg = Debug|Any CPU
		{8AF9C169-B7E3-4D07-99E0-6B4305BA3D9D}.Debug|x64.Build.0 = Debug|Any CPU
		{8AF9C169-B7E3-4D07-99E0-6B4305BA3D9D}.Debug|x86.ActiveCfg = Debug|Any CPU
		{8AF9C169-B7E3-4D07-99E0-6B4305BA3D9D}.Debug|x86.Build.0 = Debug|Any CPU
		{8AF9C169-B7E3-4D07-99E0-6B4305BA3D9D}.Release|Any CPU.ActiveCfg = Release|Any CPU
		{8AF9C169-B7E3-4D07-99E0-6B4305BA3D9D}.Release|Any CPU.Build.0 = Release|Any CPU
		{8AF9C169-B7E3-4D07-99E0-6B4305BA3D9D}.Release|x64.ActiveCfg = Release|Any CPU
		{8AF9C169-B7E3-4D07-99E0-6B4305BA3D9D}.Release|x64.Build.0 = Release|Any CPU
		{8AF9C169-B7E3-4D07-99E0-6B4305BA3D9D}.Release|x86.ActiveCfg = Release|Any CPU
		{8AF9C169-B7E3-4D07-99E0-6B4305BA3D9D}.Release|x86.Build.0 = Release|Any CPU
		{AAA21F80-4060-4A6B-B5D3-815DA6087736}.Debug|Any CPU.ActiveCfg = Debug|Any CPU
		{AAA21F80-4060-4A6B-B5D3-815DA6087736}.Debug|Any CPU.Build.0 = Debug|Any CPU
		{AAA21F80-4060-4A6B-B5D3-815DA6087736}.Debug|x64.ActiveCfg = Debug|Any CPU
		{AAA21F80-4060-4A6B-B5D3-815DA6087736}.Debug|x64.Build.0 = Debug|Any CPU
		{AAA21F80-4060-4A6B-B5D3-815DA6087736}.Debug|x86.ActiveCfg = Debug|Any CPU
		{AAA21F80-4060-4A6B-B5D3-815DA6087736}.Debug|x86.Build.0 = Debug|Any CPU
		{AAA21F80-4060-4A6B-B5D3-815DA6087736}.Release|Any CPU.ActiveCfg = Release|Any CPU
		{AAA21F80-4060-4A6B-B5D3-815DA6087736}.Release|Any CPU.Build.0 = Release|Any CPU
		{AAA21F80-4060-4A6B-B5D3-815DA6087736}.Release|x64.ActiveCfg = Release|Any CPU
		{AAA21F80-4060-4A6B-B5D3-815DA6087736}.Release|x64.Build.0 = Release|Any CPU
		{AAA21F80-4060-4A6B-B5D3-815DA6087736}.Release|x86.ActiveCfg = Release|Any CPU
		{AAA21F80-4060-4A6B-B5D3-815DA6087736}.Release|x86.Build.0 = Release|Any CPU
	EndGlobalSection
EndGlobal
